
Microsoft Visual Studio Solution File, Format Version 12.00
# Visual Studio Version 17
VisualStudioVersion = 17.3.32929.385
MinimumVisualStudioVersion = 10.0.40219.1
Project("{9A19103F-16F7-4668-BE54-9A1E7A4F7556}") = "API", "API\API.csproj", "{9C635560-96FB-466B-8E72-E5FFC80F0AA3}"
EndProject
Project("{E24C65DC-7377-472B-9ABA-BC803B73C61A}") = "client", "client\", "{596EC9B6-EF69-4873-8DA1-961898806477}"
	ProjectSection(WebsiteProperties) = preProject
		TargetFrameworkMoniker = ".NETFramework,Version%3Dv4.0"
		Debug.AspNetCompiler.VirtualPath = "/localhost_55554"
		Debug.AspNetCompiler.PhysicalPath = "client\"
		Debug.AspNetCompiler.TargetPath = "PrecompiledWeb\localhost_55554\"
		Debug.AspNetCompiler.Updateable = "true"
		Debug.AspNetCompiler.ForceOverwrite = "true"
		Debug.AspNetCompiler.FixedNames = "false"
		Debug.AspNetCompiler.Debug = "True"
		Release.AspNetCompiler.VirtualPath = "/localhost_55554"
		Release.AspNetCompiler.PhysicalPath = "client\"
		Release.AspNetCompiler.TargetPath = "PrecompiledWeb\localhost_55554\"
		Release.AspNetCompiler.Updateable = "true"
		Release.AspNetCompiler.ForceOverwrite = "true"
		Release.AspNetCompiler.FixedNames = "false"
		Release.AspNetCompiler.Debug = "False"
		VWDPort = "55554"
		SlnRelativePath = "client\"
	EndProjectSection
EndProject
Global
	GlobalSection(SolutionConfigurationPlatforms) = preSolution
		Debug|Any CPU = Debug|Any CPU
		Debug|x64 = Debug|x64
		Debug|x86 = Debug|x86
		Release|Any CPU = Release|Any CPU
		Release|x64 = Release|x64
		Release|x86 = Release|x86
	EndGlobalSection
	GlobalSection(ProjectConfigurationPlatforms) = postSolution
		{9C635560-96FB-466B-8E72-E5FFC80F0AA3}.Debug|Any CPU.ActiveCfg = Debug|Any CPU
		{9C635560-96FB-466B-8E72-E5FFC80F0AA3}.Debug|Any CPU.Build.0 = Debug|Any CPU
		{9C635560-96FB-466B-8E72-E5FFC80F0AA3}.Debug|x64.ActiveCfg = Debug|Any CPU
		{9C635560-96FB-466B-8E72-E5FFC80F0AA3}.Debug|x64.Build.0 = Debug|Any CPU
		{9C635560-96FB-466B-8E72-E5FFC80F0AA3}.Debug|x86.ActiveCfg = Debug|Any CPU
		{9C635560-96FB-466B-8E72-E5FFC80F0AA3}.Debug|x86.Build.0 = Debug|Any CPU
		{9C635560-96FB-466B-8E72-E5FFC80F0AA3}.Release|Any CPU.ActiveCfg = Release|Any CPU
		{9C635560-96FB-466B-8E72-E5FFC80F0AA3}.Release|Any CPU.Build.0 = Release|Any CPU
		{9C635560-96FB-466B-8E72-E5FFC80F0AA3}.Release|x64.ActiveCfg = Release|Any CPU
		{9C635560-96FB-466B-8E72-E5FFC80F0AA3}.Release|x64.Build.0 = Release|Any CPU
		{9C635560-96FB-466B-8E72-E5FFC80F0AA3}.Release|x86.ActiveCfg = Release|Any CPU
		{9C635560-96FB-466B-8E72-E5FFC80F0AA3}.Release|x86.Build.0 = Release|Any CPU
		{596EC9B6-EF69-4873-8DA1-961898806477}.Debug|Any CPU.ActiveCfg = Debug|Any CPU
		{596EC9B6-EF69-4873-8DA1-961898806477}.Debug|Any CPU.Build.0 = Debug|Any CPU
		{596EC9B6-EF69-4873-8DA1-961898806477}.Debug|x64.ActiveCfg = Debug|Any CPU
		{596EC9B6-EF69-4873-8DA1-961898806477}.Debug|x64.Build.0 = Debug|Any CPU
		{596EC9B6-EF69-4873-8DA1-961898806477}.Debug|x86.ActiveCfg = Debug|Any CPU
		{596EC9B6-EF69-4873-8DA1-961898806477}.Debug|x86.Build.0 = Debug|Any CPU
		{596EC9B6-EF69-4873-8DA1-961898806477}.Release|Any CPU.ActiveCfg = Debug|Any CPU
		{596EC9B6-EF69-4873-8DA1-961898806477}.Release|Any CPU.Build.0 = Debug|Any CPU
		{596EC9B6-EF69-4873-8DA1-961898806477}.Release|x64.ActiveCfg = Debug|Any CPU
		{596EC9B6-EF69-4873-8DA1-961898806477}.Release|x64.Build.0 = Debug|Any CPU
		{596EC9B6-EF69-4873-8DA1-961898806477}.Release|x86.ActiveCfg = Debug|Any CPU
		{596EC9B6-EF69-4873-8DA1-961898806477}.Release|x86.Build.0 = Debug|Any CPU
	EndGlobalSection
	GlobalSection(SolutionProperties) = preSolution
		HideSolutionNode = FALSE
	EndGlobalSection
	GlobalSection(ExtensibilityGlobals) = postSolution
		SolutionGuid = {2383E34B-F592-4572-94A4-733DC4791F98}
	EndGlobalSection
EndGlobal
